
Microsoft Visual Studio Solution File, Format Version 12.00
# Visual Studio Version 16
VisualStudioVersion = 16.0.31729.503
MinimumVisualStudioVersion = 10.0.40219.1
Project("{FAE04EC0-301F-11D3-BF4B-00C04F79EFBC}") = "SurviveTheNight", "SurviveTheNight\SurviveTheNight.csproj", "{44F95CB3-4381-4425-9D42-91A3FF3C253A}"
EndProject
Global
	GlobalSection(SolutionConfigurationPlatforms) = preSolution
		Debug|Any CPU = Debug|Any CPU
		Release|Any CPU = Release|Any CPU
	EndGlobalSection
	GlobalSection(ProjectConfigurationPlatforms) = postSolution
		{44F95CB3-4381-4425-9D42-91A3FF3C253A}.Debug|Any CPU.ActiveCfg = Debug|Any CPU
		{44F95CB3-4381-4425-9D42-91A3FF3C253A}.Debug|Any CPU.Build.0 = Debug|Any CPU
		{44F95CB3-4381-4425-9D42-91A3FF3C253A}.Release|Any CPU.ActiveCfg = Release|Any CPU
		{44F95CB3-4381-4425-9D42-91A3FF3C253A}.Release|Any CPU.Build.0 = Release|Any CPU
	EndGlobalSection
	GlobalSection(SolutionProperties) = preSolution
		HideSolutionNode = FALSE
	EndGlobalSection
	GlobalSection(ExtensibilityGlobals) = postSolution
		SolutionGuid = {1E2EFCBE-2BDC-40F7-98FB-FE490A9BDD61}
	EndGlobalSection
EndGlobal
